<?xml version="1.0" encoding="utf-8"?>
<Project ToolsVersion="4.0" xmlns="http://schemas.microsoft.com/developer/msbuild/2003">
  <ItemGroup>
    <Filter Include="Source Files">
      <UniqueIdentifier>{4FC737F1-C7A5-4376-A066-2A32D752A2FF}</UniqueIdentifier>
      <Extensions>cpp;c;cc;cxx;c++;cppm;ixx;def;odl;idl;hpj;bat;asm;asmx</Extensions>
    </Filter>
    <Filter Include="Header Files">
      <UniqueIdentifier>{93995380-89BD-4b04-88EB-625FBE52EBFB}</UniqueIdentifier>
      <Extensions>h;hh;hpp;hxx;h++;hm;inl;inc;ipp;xsd</Extensions>
    </Filter>
    <Filter Include="Resource Files">
      <UniqueIdentifier>{67DA6AB6-F800-4c08-8B7A-83BB121AAD01}</UniqueIdentifier>
      <Extensions>rc;ico;cur;bmp;dlg;rc2;rct;bin;rgs;gif;jpg;jpeg;jpe;resx;tiff;tif;png;wav;mfcribbon-ms</Extensions>
    </Filter>
  </ItemGroup>
  <ItemGroup>
    <ClCompile Include="OpenSourceLogger.cpp">
      <Filter>Source Files</Filter>
    </ClCompile>
    <ClCompile Include="Hardware\Database\DatabaseHandler.cpp">
      <Filter>Source Files</Filter>
    </ClCompile>
    <ClCompile Include="Windows\Windows.cpp">
      <Filter>Source Files</Filter>
    </ClCompile>
    <ClCompile Include="Windows\Dialogs\FileDialog\FileDialog.cpp">
      <Filter>Source Files</Filter>
    </ClCompile>
    <ClCompile Include="Windows\Dialogs\ConnectDialog\ConnectDialog.cpp">
      <Filter>Source Files</Filter>
    </ClCompile>
    <ClCompile Include="Windows\Dialogs\CollectMeasurementsDialog\CollectMeasurementsDialog.cpp">
      <Filter>Source Files</Filter>
    </ClCompile>
    <ClCompile Include="Windows\Dialogs\CalibrationDialog\CalibrationDialog.cpp">
      <Filter>Source Files</Filter>
    </ClCompile>
    <ClCompile Include="Hardware\USB\USBHandler.cpp">
      <Filter>Source Files</Filter>
    </ClCompile>
    <ClCompile Include="Hardware\USB\Protocols\OpenSourceLogger\OpenSourceLoggerProtocol.cpp">
      <Filter>Source Files</Filter>
    </ClCompile>
    <ClCompile Include="Hardware\USB\Protocols\OpenSourceLogger\OpenSAEJ1939\Hardware\CAN_Transmit_Receive.c">
      <Filter>Source Files</Filter>
    </ClCompile>
    <ClCompile Include="Hardware\USB\Protocols\OpenSourceLogger\OpenSAEJ1939\Hardware\FLASH_EEPROM_RAM_Memory.c">
      <Filter>Source Files</Filter>
    </ClCompile>
    <ClCompile Include="Hardware\USB\Protocols\OpenSourceLogger\OpenSAEJ1939\Hardware\Save_Load_Struct.c">
      <Filter>Source Files</Filter>
    </ClCompile>
    <ClCompile Include="Hardware\USB\Protocols\OpenSourceLogger\OpenSAEJ1939\ISO_11783\ISO_11783-7_Application_Layer\Auxiliary_Valve_Command.c">
      <Filter>Source Files</Filter>
    </ClCompile>
    <ClCompile Include="Hardware\USB\Protocols\OpenSourceLogger\OpenSAEJ1939\ISO_11783\ISO_11783-7_Application_Layer\Auxiliary_Valve_Estimated_Flow.c">
      <Filter>Source Files</Filter>
    </ClCompile>
    <ClCompile Include="Hardware\USB\Protocols\OpenSourceLogger\OpenSAEJ1939\ISO_11783\ISO_11783-7_Application_Layer\Auxiliary_Valve_Measured_Position.c">
      <Filter>Source Files</Filter>
    </ClCompile>
    <ClCompile Include="Hardware\USB\Protocols\OpenSourceLogger\OpenSAEJ1939\ISO_11783\ISO_11783-7_Application_Layer\General_Purpose_Valve_Command.c">
      <Filter>Source Files</Filter>
    </ClCompile>
    <ClCompile Include="Hardware\USB\Protocols\OpenSourceLogger\OpenSAEJ1939\ISO_11783\ISO_11783-7_Application_Layer\General_Purpose_Valve_Estimated_Flow.c">
      <Filter>Source Files</Filter>
    </ClCompile>
    <ClCompile Include="Hardware\USB\Protocols\OpenSourceLogger\OpenSAEJ1939\Open_SAE_J1939\Listen_For_Messages.c">
      <Filter>Source Files</Filter>
    </ClCompile>
    <ClCompile Include="Hardware\USB\Protocols\OpenSourceLogger\OpenSAEJ1939\Open_SAE_J1939\Startup_ECU.c">
      <Filter>Source Files</Filter>
    </ClCompile>
    <ClCompile Include="Hardware\USB\Protocols\OpenSourceLogger\OpenSAEJ1939\SAE_J1939\SAE_J1939-21_Transport_Layer\Acknowledgement.c">
      <Filter>Source Files</Filter>
    </ClCompile>
    <ClCompile Include="Hardware\USB\Protocols\OpenSourceLogger\OpenSAEJ1939\SAE_J1939\SAE_J1939-21_Transport_Layer\Request.c">
      <Filter>Source Files</Filter>
    </ClCompile>
    <ClCompile Include="Hardware\USB\Protocols\OpenSourceLogger\OpenSAEJ1939\SAE_J1939\SAE_J1939-21_Transport_Layer\Transport_Protocol_Connection_Management.c">
      <Filter>Source Files</Filter>
    </ClCompile>
    <ClCompile Include="Hardware\USB\Protocols\OpenSourceLogger\OpenSAEJ1939\SAE_J1939\SAE_J1939-21_Transport_Layer\Transport_Protocol_Data_Transfer.c">
      <Filter>Source Files</Filter>
    </ClCompile>
    <ClCompile Include="Hardware\USB\Protocols\OpenSourceLogger\OpenSAEJ1939\SAE_J1939\SAE_J1939-71_Application_Layer\Request_Component_Identification.c">
      <Filter>Source Files</Filter>
    </ClCompile>
    <ClCompile Include="Hardware\USB\Protocols\OpenSourceLogger\OpenSAEJ1939\SAE_J1939\SAE_J1939-71_Application_Layer\Request_ECU_Identification.c">
      <Filter>Source Files</Filter>
    </ClCompile>
    <ClCompile Include="Hardware\USB\Protocols\OpenSourceLogger\OpenSAEJ1939\SAE_J1939\SAE_J1939-71_Application_Layer\Request_Software_Identification.c">
      <Filter>Source Files</Filter>
    </ClCompile>
    <ClCompile Include="Hardware\USB\Protocols\OpenSourceLogger\OpenSAEJ1939\SAE_J1939\SAE_J1939-73_Diagnostics_Layer\DM1.c">
      <Filter>Source Files</Filter>
    </ClCompile>
    <ClCompile Include="Hardware\USB\Protocols\OpenSourceLogger\OpenSAEJ1939\SAE_J1939\SAE_J1939-73_Diagnostics_Layer\DM2.c">
      <Filter>Source Files</Filter>
    </ClCompile>
    <ClCompile Include="Hardware\USB\Protocols\OpenSourceLogger\OpenSAEJ1939\SAE_J1939\SAE_J1939-73_Diagnostics_Layer\DM3.c">
      <Filter>Source Files</Filter>
    </ClCompile>
    <ClCompile Include="Hardware\USB\Protocols\OpenSourceLogger\OpenSAEJ1939\SAE_J1939\SAE_J1939-73_Diagnostics_Layer\DM14.c">
      <Filter>Source Files</Filter>
    </ClCompile>
    <ClCompile Include="Hardware\USB\Protocols\OpenSourceLogger\OpenSAEJ1939\SAE_J1939\SAE_J1939-73_Diagnostics_Layer\DM15.c">
      <Filter>Source Files</Filter>
    </ClCompile>
    <ClCompile Include="Hardware\USB\Protocols\OpenSourceLogger\OpenSAEJ1939\SAE_J1939\SAE_J1939-73_Diagnostics_Layer\DM16.c">
      <Filter>Source Files</Filter>
    </ClCompile>
    <ClCompile Include="Hardware\USB\Protocols\OpenSourceLogger\OpenSAEJ1939\SAE_J1939\SAE_J1939-81_Network_Management_Layer\Address_Claimed.c">
      <Filter>Source Files</Filter>
    </ClCompile>
    <ClCompile Include="Hardware\USB\Protocols\OpenSourceLogger\OpenSAEJ1939\SAE_J1939\SAE_J1939-81_Network_Management_Layer\Address_Delete.c">
      <Filter>Source Files</Filter>
    </ClCompile>
    <ClCompile Include="Hardware\USB\Protocols\OpenSourceLogger\OpenSAEJ1939\SAE_J1939\SAE_J1939-81_Network_Management_Layer\Address_Not_Claimed.c">
      <Filter>Source Files</Filter>
    </ClCompile>
    <ClCompile Include="Hardware\USB\Protocols\OpenSourceLogger\OpenSAEJ1939\SAE_J1939\SAE_J1939-81_Network_Management_Layer\Commanded_Address.c">
      <Filter>Source Files</Filter>
    </ClCompile>
    <ClCompile Include="Windows\Dialogs\ConfigurationSTM32PLCDialog\ConfigurationSTM32PLCDialog.cpp">
      <Filter>Source Files</Filter>
    </ClCompile>
    <ClCompile Include="Windows\Dialogs\UploadMeasurementToDatabaseDialog\UploadMeasurementToDatabaseDialog.cpp">
      <Filter>Source Files</Filter>
    </ClCompile>
    <ClCompile Include="Hardware\Tools\TimeConverter.cpp">
      <Filter>Source Files</Filter>
    </ClCompile>
    <ClCompile Include="Windows\Dialogs\ViewMeasurementsFromDatabaseDialog\ViewMeasurementsFromDatabaseDialog.cpp">
      <Filter>Source Files</Filter>
    </ClCompile>
    <ClCompile Include="Windows\Dialogs\SAEJ1939Dialog\SAEJ1939Dialog.cpp">
      <Filter>Source Files</Filter>
    </ClCompile>
    <ClCompile Include="Windows\Dialogs\PinMapOfSTM32PLCDialog\PinMapOfSTM32PLCDialog.cpp">
      <Filter>Source Files</Filter>
    </ClCompile>
  </ItemGroup>
  <ItemGroup>
    <ClInclude Include="Windows\Windows.h">
      <Filter>Header Files</Filter>
    </ClInclude>
    <ClInclude Include="Hardware\USB\USBHandler.h">
      <Filter>Header Files</Filter>
    </ClInclude>
    <ClInclude Include="Hardware\Database\DatabaseHandler.h">
      <Filter>Header Files</Filter>
    </ClInclude>
    <ClInclude Include="Windows\Dialogs\FileDialog\FileDialog.h">
      <Filter>Header Files</Filter>
    </ClInclude>
    <ClInclude Include="Windows\Dialogs\ConnectDialog\ConnectDialog.h">
      <Filter>Header Files</Filter>
    </ClInclude>
    <ClInclude Include="Windows\Dialogs\CollectMeasurementsDialog\CollectMeasurementsDialog.h">
      <Filter>Header Files</Filter>
    </ClInclude>
    <ClInclude Include="Windows\Dialogs\CalibrationDialog\CalibrationDialog.h">
      <Filter>Header Files</Filter>
    </ClInclude>
    <ClInclude Include="Hardware\USB\Protocols\OpenSourceLogger\OpenSourceLoggerProtocol.h">
      <Filter>Header Files</Filter>
    </ClInclude>
    <ClInclude Include="Hardware\USB\Protocols\OpenSourceLogger\OpenSAEJ1939\Hardware\Hardware.h">
      <Filter>Header Files</Filter>
    </ClInclude>
    <ClInclude Include="Hardware\USB\Protocols\OpenSourceLogger\OpenSAEJ1939\ISO_11783\ISO_11783_Enums\Enum_Auxiliary_And_General_Purpose_Valves.h">
      <Filter>Header Files</Filter>
    </ClInclude>
    <ClInclude Include="Hardware\USB\Protocols\OpenSourceLogger\OpenSAEJ1939\ISO_11783\ISO_11783-7_Application_Layer\Application_Layer.h">
      <Filter>Header Files</Filter>
    </ClInclude>
    <ClInclude Include="Hardware\USB\Protocols\OpenSourceLogger\OpenSAEJ1939\Open_SAE_J1939\Open_SAE_J1939.h">
      <Filter>Header Files</Filter>
    </ClInclude>
    <ClInclude Include="Hardware\USB\Protocols\OpenSourceLogger\OpenSAEJ1939\Open_SAE_J1939\Structs.h">
      <Filter>Header Files</Filter>
    </ClInclude>
    <ClInclude Include="Hardware\USB\Protocols\OpenSourceLogger\OpenSAEJ1939\SAE_J1939\SAE_J1939_Enums\Enum_Control_Byte.h">
      <Filter>Header Files</Filter>
    </ClInclude>
    <ClInclude Include="Hardware\USB\Protocols\OpenSourceLogger\OpenSAEJ1939\SAE_J1939\SAE_J1939_Enums\Enum_DM1_DM2.h">
      <Filter>Header Files</Filter>
    </ClInclude>
    <ClInclude Include="Hardware\USB\Protocols\OpenSourceLogger\OpenSAEJ1939\SAE_J1939\SAE_J1939_Enums\Enum_DM14_DM15.h">
      <Filter>Header Files</Filter>
    </ClInclude>
    <ClInclude Include="Hardware\USB\Protocols\OpenSourceLogger\OpenSAEJ1939\SAE_J1939\SAE_J1939_Enums\Enum_Group_Function_Value.h">
      <Filter>Header Files</Filter>
    </ClInclude>
    <ClInclude Include="Hardware\USB\Protocols\OpenSourceLogger\OpenSAEJ1939\SAE_J1939\SAE_J1939_Enums\Enum_NAME.h">
      <Filter>Header Files</Filter>
    </ClInclude>
    <ClInclude Include="Hardware\USB\Protocols\OpenSourceLogger\OpenSAEJ1939\SAE_J1939\SAE_J1939_Enums\Enum_PGN.h">
      <Filter>Header Files</Filter>
    </ClInclude>
    <ClInclude Include="Hardware\USB\Protocols\OpenSourceLogger\OpenSAEJ1939\SAE_J1939\SAE_J1939_Enums\Enum_Send_Status.h">
      <Filter>Header Files</Filter>
    </ClInclude>
    <ClInclude Include="Hardware\USB\Protocols\OpenSourceLogger\OpenSAEJ1939\SAE_J1939\SAE_J1939-21_Transport_Layer\Transport_Layer.h">
      <Filter>Header Files</Filter>
    </ClInclude>
    <ClInclude Include="Hardware\USB\Protocols\OpenSourceLogger\OpenSAEJ1939\SAE_J1939\SAE_J1939-71_Application_Layer\Application_Layer.h">
      <Filter>Header Files</Filter>
    </ClInclude>
    <ClInclude Include="Hardware\USB\Protocols\OpenSourceLogger\OpenSAEJ1939\SAE_J1939\SAE_J1939-73_Diagnostics_Layer\Diagnostics_Layer.h">
      <Filter>Header Files</Filter>
    </ClInclude>
    <ClInclude Include="Hardware\USB\Protocols\OpenSourceLogger\OpenSAEJ1939\SAE_J1939\SAE_J1939-81_Network_Management_Layer\Network_Management_Layer.h">
      <Filter>Header Files</Filter>
    </ClInclude>
    <ClInclude Include="Windows\Dialogs\ConfigurationSTM32PLCDialog\ConfigurationSTM32PLCDialog.h">
      <Filter>Header Files</Filter>
    </ClInclude>
    <ClInclude Include="Windows\Dialogs\UploadMeasurementToDatabaseDialog\UploadMeasurementToDatabaseDialog.h">
      <Filter>Header Files</Filter>
    </ClInclude>
    <ClInclude Include="Hardware\Tools\TimeConverter.h">
      <Filter>Header Files</Filter>
    </ClInclude>
    <ClInclude Include="Windows\Dialogs\ViewMeasurementsFromDatabaseDialog\ViewMeasurementsFromDatabaseDialog.h">
      <Filter>Header Files</Filter>
    </ClInclude>
    <ClInclude Include="Windows\Dialogs\SAEJ1939Dialog\SAEJ1939Dialog.h">
      <Filter>Header Files</Filter>
    </ClInclude>
    <ClInclude Include="Windows\Dialogs\PinMapOfSTM32PLCDialog\PinMapOfSTM32PLCDialog.h">
      <Filter>Header Files</Filter>
    </ClInclude>
    <ClInclude Include="Resource files\resource.h">
      <Filter>Header Files</Filter>
    </ClInclude>
    <ClInclude Include="Resource\resource.h">
      <Filter>Header Files</Filter>
    </ClInclude>
  </ItemGroup>
  <ItemGroup>
    <Image Include="Resource files\pinmap.png">
      <Filter>Resource Files</Filter>
    </Image>
    <Image Include="Resource files\logo.ico">
      <Filter>Resource Files</Filter>
    </Image>
    <Image Include="Resource\logo.ico">
      <Filter>Resource Files</Filter>
    </Image>
    <Image Include="Resource\pinmap.jpg">
      <Filter>Resource Files</Filter>
    </Image>
  </ItemGroup>
  <ItemGroup>
    <ResourceCompile Include="Resource\Resource.rc">
      <Filter>Resource Files</Filter>
    </ResourceCompile>
  </ItemGroup>
</Project>